# This file is automatically @generated by Veryl.
# It is not intended for manual editing.
version = 1

[[projects]]
name = "hippo_decoder"
source = "../hippo_decoder"

[[projects.dependencies]]
name = "hippo_alu_veryl"
source = "../hippo_decoder/../hippo_alu_veryl"

[[projects]]
name = "hippo_alu_veryl"
source = "../hippo_decoder/../hippo_alu_veryl"
dependencies = []

[[projects]]
name = "hippo_memory"
source = "../hippo_memory"
dependencies = []

[[projects]]
name = "veryl_stacked_regfile"
source = "../veryl_stacked_regfile"
dependencies = []
